
Microsoft Visual Studio Solution File, Format Version 12.00
# Visual Studio Version 16
VisualStudioVersion = 16.0.30320.27
MinimumVisualStudioVersion = 10.0.40219.1
Project("{FAE04EC0-301F-11D3-BF4B-00C04F79EFBC}") = "PilasColas", "PilasColas\PilasColas.csproj", "{1844C7C0-1903-4F9E-9CDA-ECB40630EF2A}"
EndProject
Project("{FAE04EC0-301F-11D3-BF4B-00C04F79EFBC}") = "Arreglos", "Arreglos\Arreglos.csproj", "{5D1675EF-AA54-451F-A987-7B085A27F01E}"
EndProject
Global
	GlobalSection(SolutionConfigurationPlatforms) = preSolution
		Debug|Any CPU = Debug|Any CPU
		Release|Any CPU = Release|Any CPU
	EndGlobalSection
	GlobalSection(ProjectConfigurationPlatforms) = postSolution
		{1844C7C0-1903-4F9E-9CDA-ECB40630EF2A}.Debug|Any CPU.ActiveCfg = Debug|Any CPU
		{1844C7C0-1903-4F9E-9CDA-ECB40630EF2A}.Debug|Any CPU.Build.0 = Debug|Any CPU
		{1844C7C0-1903-4F9E-9CDA-ECB40630EF2A}.Release|Any CPU.ActiveCfg = Release|Any CPU
		{1844C7C0-1903-4F9E-9CDA-ECB40630EF2A}.Release|Any CPU.Build.0 = Release|Any CPU
		{5D1675EF-AA54-451F-A987-7B085A27F01E}.Debug|Any CPU.ActiveCfg = Debug|Any CPU
		{5D1675EF-AA54-451F-A987-7B085A27F01E}.Debug|Any CPU.Build.0 = Debug|Any CPU
		{5D1675EF-AA54-451F-A987-7B085A27F01E}.Release|Any CPU.ActiveCfg = Release|Any CPU
		{5D1675EF-AA54-451F-A987-7B085A27F01E}.Release|Any CPU.Build.0 = Release|Any CPU
	EndGlobalSection
	GlobalSection(SolutionProperties) = preSolution
		HideSolutionNode = FALSE
	EndGlobalSection
	GlobalSection(ExtensibilityGlobals) = postSolution
		SolutionGuid = {628C2631-0DD4-409B-946E-64CB50FA9D09}
	EndGlobalSection
EndGlobal
